
Microsoft Visual Studio Solution File, Format Version 12.00
# Visual Studio Version 16
VisualStudioVersion = 16.0.30114.105
MinimumVisualStudioVersion = 10.0.40219.1
Project("{FAE04EC0-301F-11D3-BF4B-00C04F79EFBC}") = "MvcNews", "MvcNews\MvcNews.csproj", "{CC97A504-3ED6-4E2F-A753-6656A6CD5F2F}"
EndProject
Global
	GlobalSection(SolutionConfigurationPlatforms) = preSolution
		Debug|Any CPU = Debug|Any CPU
		Release|Any CPU = Release|Any CPU
	EndGlobalSection
	GlobalSection(ProjectConfigurationPlatforms) = postSolution
		{CC97A504-3ED6-4E2F-A753-6656A6CD5F2F}.Debug|Any CPU.ActiveCfg = Debug|Any CPU
		{CC97A504-3ED6-4E2F-A753-6656A6CD5F2F}.Debug|Any CPU.Build.0 = Debug|Any CPU
		{CC97A504-3ED6-4E2F-A753-6656A6CD5F2F}.Release|Any CPU.ActiveCfg = Release|Any CPU
		{CC97A504-3ED6-4E2F-A753-6656A6CD5F2F}.Release|Any CPU.Build.0 = Release|Any CPU
	EndGlobalSection
	GlobalSection(SolutionProperties) = preSolution
		HideSolutionNode = FALSE
	EndGlobalSection
	GlobalSection(ExtensibilityGlobals) = postSolution
		SolutionGuid = {7C2D7306-7A6C-4D79-8AFC-D6594BDF01BE}
	EndGlobalSection
EndGlobal
