
Microsoft Visual Studio Solution File, Format Version 12.00
# Visual Studio Version 16
VisualStudioVersion = 16.0.31402.337
MinimumVisualStudioVersion = 10.0.40219.1
Project("{FAE04EC0-301F-11D3-BF4B-00C04F79EFBC}") = "CompanyApi", "CompanyApi\CompanyApi.csproj", "{5724157F-E4A6-4B61-A98A-7896552AAED9}"
EndProject
Global
	GlobalSection(SolutionConfigurationPlatforms) = preSolution
		Debug|Any CPU = Debug|Any CPU
		Release|Any CPU = Release|Any CPU
	EndGlobalSection
	GlobalSection(ProjectConfigurationPlatforms) = postSolution
		{5724157F-E4A6-4B61-A98A-7896552AAED9}.Debug|Any CPU.ActiveCfg = Debug|Any CPU
		{5724157F-E4A6-4B61-A98A-7896552AAED9}.Debug|Any CPU.Build.0 = Debug|Any CPU
		{5724157F-E4A6-4B61-A98A-7896552AAED9}.Release|Any CPU.ActiveCfg = Release|Any CPU
		{5724157F-E4A6-4B61-A98A-7896552AAED9}.Release|Any CPU.Build.0 = Release|Any CPU
	EndGlobalSection
	GlobalSection(SolutionProperties) = preSolution
		HideSolutionNode = FALSE
	EndGlobalSection
	GlobalSection(ExtensibilityGlobals) = postSolution
		SolutionGuid = {C0E4EA8E-6D0E-4C67-989B-93AE437AAF7B}
	EndGlobalSection
EndGlobal
